
Microsoft Visual Studio Solution File, Format Version 12.00
# Visual Studio Version 17
VisualStudioVersion = 17.2.32630.192
MinimumVisualStudioVersion = 10.0.40219.1
Project("{9A19103F-16F7-4668-BE54-9A1E7A4F7556}") = "ArabaKirala", "ArabaKirala\ArabaKirala.csproj", "{4C37D064-12FB-499D-8947-1EF52DF29C04}"
EndProject
Project("{2150E333-8FDC-42A3-9474-1A3956D46DE8}") = "NewFolder1", "NewFolder1", "{EE283C1E-DED7-415A-91DC-19C2E07EA532}"
EndProject
Global
	GlobalSection(SolutionConfigurationPlatforms) = preSolution
		Debug|Any CPU = Debug|Any CPU
		Release|Any CPU = Release|Any CPU
	EndGlobalSection
	GlobalSection(ProjectConfigurationPlatforms) = postSolution
		{4C37D064-12FB-499D-8947-1EF52DF29C04}.Debug|Any CPU.ActiveCfg = Debug|Any CPU
		{4C37D064-12FB-499D-8947-1EF52DF29C04}.Debug|Any CPU.Build.0 = Debug|Any CPU
		{4C37D064-12FB-499D-8947-1EF52DF29C04}.Release|Any CPU.ActiveCfg = Release|Any CPU
		{4C37D064-12FB-499D-8947-1EF52DF29C04}.Release|Any CPU.Build.0 = Release|Any CPU
	EndGlobalSection
	GlobalSection(SolutionProperties) = preSolution
		HideSolutionNode = FALSE
	EndGlobalSection
	GlobalSection(ExtensibilityGlobals) = postSolution
		SolutionGuid = {DC79DB92-2A30-4D43-8966-C772BBCFCEDB}
	EndGlobalSection
EndGlobal
